{
  "pins" : [
    {
      "identity" : "async-kit",
      "kind" : "remoteSourceControl",
      "location" : "https://github.com/vapor/async-kit.git",
      "state" : {
        "revision" : "6f3615ccf2ac3c2ae0c8087d527546e9544a43dd",
        "version" : "1.21.0"
      }
    },
    {
      "identity" : "bluecryptor",
      "kind" : "remoteSourceControl",
      "location" : "https://github.com/IBM-Swift/BlueCryptor.git",
      "state" : {
        "revision" : "ee5880e031da4c609f372cf7472476ab51d5dd19",
        "version" : "1.0.200"
      }
    },
    {
      "identity" : "combine-schedulers",
      "kind" : "remoteSourceControl",
      "location" : "https://github.com/pointfreeco/combine-schedulers",
      "state" : {
        "revision" : "114354e8c1667a2edc4993700fb9fa4f90157b56",
        "version" : "1.2.2"
      }
    },
    {
      "identity" : "newrelic-ios-agent",
      "kind" : "remoteSourceControl",
      "location" : "https://github.com/newrelic/newrelic-ios-agent.git",
      "state" : {
        "revision" : "23d43d38c2eba65602996cfea949574b70276def",
        "version" : "7.7.7"
      }
    },
    {
      "identity" : "postgres-kit",
      "kind" : "remoteSourceControl",
      "location" : "https://github.com/vapor/postgres-kit",
      "state" : {
        "revision" : "cbbe3ef8a0a8800301b8b76ab0f09dfc9e7306a2",
        "version" : "2.2.0"
      }
    },
    {
      "identity" : "postgres-nio",
      "kind" : "remoteSourceControl",
      "location" : "https://github.com/vapor/postgres-nio.git",
      "state" : {
        "revision" : "abca6b390235ae337999d367c40cc40c99629385",
        "version" : "1.18.1"
      }
    },
    {
      "identity" : "sql-kit",
      "kind" : "remoteSourceControl",
      "location" : "https://github.com/vapor/sql-kit.git",
      "state" : {
        "revision" : "baf0d8684a43f16cd11ebcc67300c8ab5cb5d078",
        "version" : "3.33.0"
      }
    },
    {
      "identity" : "swift-algorithms",
      "kind" : "remoteSourceControl",
      "location" : "https://github.com/apple/swift-algorithms.git",
      "state" : {
        "revision" : "87e50f483c54e6efd60e885f7f5aa946cee68023",
        "version" : "1.2.1"
      }
    },
    {
      "identity" : "swift-atomics",
      "kind" : "remoteSourceControl",
      "location" : "https://github.com/apple/swift-atomics.git",
      "state" : {
        "revision" : "0442cb5a3f98ab802acb777929fdb446bda11a34",
        "version" : "1.3.1"
      }
    },
    {
      "identity" : "swift-backtrace",
      "kind" : "remoteSourceControl",
      "location" : "https://github.com/swift-server/swift-backtrace",
      "state" : {
        "revision" : "f2fd8c4845a123419c348e0bc4b3839c414077d5",
        "version" : "1.2.0"
      }
    },
    {
      "identity" : "swift-case-paths",
      "kind" : "remoteSourceControl",
      "location" : "https://github.com/pointfreeco/swift-case-paths",
      "state" : {
        "revision" : "cb4cba6a8a46a86db0d37dbe09935ead6b24c91a",
        "version" : "1.10.0"
      }
    },
    {
      "identity" : "swift-clocks",
      "kind" : "remoteSourceControl",
      "location" : "https://github.com/pointfreeco/swift-clocks",
      "state" : {
        "revision" : "82440fa0a8b1c381a6d1e8e0fc7bbba53ec63204",
        "version" : "1.1.1"
      }
    },
    {
      "identity" : "swift-collections",
      "kind" : "remoteSourceControl",
      "location" : "https://github.com/apple/swift-collections.git",
      "state" : {
        "revision" : "a0cb0954ecb21e4e31b0070e6ed5674e8556685a",
        "version" : "1.6.0"
      }
    },
    {
      "identity" : "swift-composable-architecture",
      "kind" : "remoteSourceControl",
      "location" : "https://github.com/pointfreeco/swift-composable-architecture",
      "state" : {
        "revision" : "377da4061db10d26337a71bb279c506bb951f50f",
        "version" : "1.26.2"
      }
    },
    {
      "identity" : "swift-concurrency-extras",
      "kind" : "remoteSourceControl",
      "location" : "https://github.com/pointfreeco/swift-concurrency-extras",
      "state" : {
        "revision" : "5fa253428866f2360c3754e88537f700ed2656b5",
        "version" : "1.4.1"
      }
    },
    {
      "identity" : "swift-crypto",
      "kind" : "remoteSourceControl",
      "location" : "https://github.com/apple/swift-crypto.git",
      "state" : {
        "revision" : "ddb07e896a2a8af79512543b1c7eb9797f8898a5",
        "version" : "1.1.7"
      }
    },
    {
      "identity" : "swift-custom-dump",
      "kind" : "remoteSourceControl",
      "location" : "https://github.com/pointfreeco/swift-custom-dump",
      "state" : {
        "revision" : "4fb9e7cbb4b8f5a7354005db39447f570d6b3e19",
        "version" : "1.7.3"
      }
    },
    {
      "identity" : "swift-dependencies",
      "kind" : "remoteSourceControl",
      "location" : "https://github.com/pointfreeco/swift-dependencies",
      "state" : {
        "revision" : "b476cc5761057d8d857de063fe7ac8daecf5c06b",
        "version" : "1.17.1"
      }
    },
    {
      "identity" : "swift-gen",
      "kind" : "remoteSourceControl",
      "location" : "https://github.com/pointfreeco/swift-gen",
      "state" : {
        "revision" : "5bd20fb662e1ead7ee47df6bb0a15398295f2e06",
        "version" : "0.4.0"
      }
    },
    {
      "identity" : "swift-html",
      "kind" : "remoteSourceControl",
      "location" : "https://github.com/pointfreeco/swift-html",
      "state" : {
        "branch" : "14d01d1",
        "revision" : "14d01d19e43598167a8f8965af478285835ca010"
      }
    },
    {
      "identity" : "swift-http-types",
      "kind" : "remoteSourceControl",
      "location" : "https://github.com/apple/swift-http-types",
      "state" : {
        "revision" : "bff4b6903cdc99dda49649dd52f46c11cfd3ed50",
        "version" : "1.8.0"
      }
    },
    {
      "identity" : "swift-identified-collections",
      "kind" : "remoteSourceControl",
      "location" : "https://github.com/pointfreeco/swift-identified-collections",
      "state" : {
        "revision" : "322d9ffeeba85c9f7c4984b39422ec7cc3c56597",
        "version" : "1.1.1"
      }
    },
    {
      "identity" : "swift-issue-reporting",
      "kind" : "remoteSourceControl",
      "location" : "https://github.com/pointfreeco/swift-issue-reporting",
      "state" : {
        "revision" : "71c7c9a761d1ca6ed4ccb6ced040fe1c1a39e8e7",
        "version" : "2.1.0"
      }
    },
    {
      "identity" : "swift-log",
      "kind" : "remoteSourceControl",
      "location" : "https://github.com/apple/swift-log.git",
      "state" : {
        "revision" : "9cb486020ebf03bfa5b5df985387a14a98744537",
        "version" : "1.6.1"
      }
    },
    {
      "identity" : "swift-metrics",
      "kind" : "remoteSourceControl",
      "location" : "https://github.com/apple/swift-metrics.git",
      "state" : {
        "revision" : "087e8074afa97040c3b870c8664fe5482fb87cc4",
        "version" : "2.11.0"
      }
    },
    {
      "identity" : "swift-navigation",
      "kind" : "remoteSourceControl",
      "location" : "https://github.com/pointfreeco/swift-navigation",
      "state" : {
        "revision" : "7e95e5e9ff0a64f6ad8bca59083f8d6ba381b6ff",
        "version" : "2.11.2"
      }
    },
    {
      "identity" : "swift-nio",
      "kind" : "remoteSourceControl",
      "location" : "https://github.com/apple/swift-nio.git",
      "state" : {
        "revision" : "4c4453b489cf76e6b3b0f300aba663eb78182fad",
        "version" : "2.70.0"
      }
    },
    {
      "identity" : "swift-nio-extras",
      "kind" : "remoteSourceControl",
      "location" : "https://github.com/apple/swift-nio-extras.git",
      "state" : {
        "revision" : "d1ead62745cc3269e482f1c51f27608057174379",
        "version" : "1.24.0"
      }
    },
    {
      "identity" : "swift-nio-http2",
      "kind" : "remoteSourceControl",
      "location" : "https://github.com/apple/swift-nio-http2.git",
      "state" : {
        "revision" : "170f4ca06b6a9c57b811293cebcb96e81b661310",
        "version" : "1.35.0"
      }
    },
    {
      "identity" : "swift-nio-ssl",
      "kind" : "remoteSourceControl",
      "location" : "https://github.com/apple/swift-nio-ssl.git",
      "state" : {
        "revision" : "a9fa5efd86e7ce2e5c1b6de113262e58035ca251",
        "version" : "2.27.1"
      }
    },
    {
      "identity" : "swift-nio-transport-services",
      "kind" : "remoteSourceControl",
      "location" : "https://github.com/apple/swift-nio-transport-services.git",
      "state" : {
        "revision" : "38ac8221dd20674682148d6451367f89c2652980",
        "version" : "1.21.0"
      }
    },
    {
      "identity" : "swift-numerics",
      "kind" : "remoteSourceControl",
      "location" : "https://github.com/apple/swift-numerics.git",
      "state" : {
        "revision" : "0a5bc04095a675662cf24757cc0640aa2204253b",
        "version" : "1.0.2"
      }
    },
    {
      "identity" : "swift-overture",
      "kind" : "remoteSourceControl",
      "location" : "https://github.com/pointfreeco/swift-overture",
      "state" : {
        "revision" : "7977acd7597f413717058acc1e080731249a1d7e",
        "version" : "0.5.0"
      }
    },
    {
      "identity" : "swift-parsing",
      "kind" : "remoteSourceControl",
      "location" : "https://github.com/pointfreeco/swift-parsing",
      "state" : {
        "revision" : "d3ca6f0f049606124d0f6a414e7fdb7b77f45452",
        "version" : "0.15.2"
      }
    },
    {
      "identity" : "swift-perception",
      "kind" : "remoteSourceControl",
      "location" : "https://github.com/pointfreeco/swift-perception",
      "state" : {
        "revision" : "597afd46249f4a71885b95d26b26cc5b893daf32",
        "version" : "2.0.12"
      }
    },
    {
      "identity" : "swift-prelude",
      "kind" : "remoteSourceControl",
      "location" : "https://github.com/pointfreeco/swift-prelude",
      "state" : {
        "branch" : "7ff9911",
        "revision" : "7ff9911580b2f9b7ead5375099781f28b8aad6a8"
      }
    },
    {
      "identity" : "swift-sharing",
      "kind" : "remoteSourceControl",
      "location" : "https://github.com/pointfreeco/swift-sharing",
      "state" : {
        "revision" : "3552faf8a6c18ce896ec5a72bd8c34755f0f03e0",
        "version" : "2.10.1"
      }
    },
    {
      "identity" : "swift-snapshot-testing",
      "kind" : "remoteSourceControl",
      "location" : "https://github.com/pointfreeco/swift-snapshot-testing",
      "state" : {
        "revision" : "28e5de025e3fd98991791bfbf83023ab3708da03",
        "version" : "1.19.6"
      }
    },
    {
      "identity" : "swift-syntax",
      "kind" : "remoteSourceControl",
      "location" : "https://github.com/swiftlang/swift-syntax",
      "state" : {
        "revision" : "050f1a346fbbac0ca2cfb15a95274f7bd1cf0ccf",
        "version" : "604.0.0"
      }
    },
    {
      "identity" : "swift-system",
      "kind" : "remoteSourceControl",
      "location" : "https://github.com/apple/swift-system.git",
      "state" : {
        "revision" : "869129b7bf4ecc57b97d0193ad29690ca2134750",
        "version" : "1.8.1"
      }
    },
    {
      "identity" : "swift-tagged",
      "kind" : "remoteSourceControl",
      "location" : "https://github.com/pointfreeco/swift-tagged",
      "state" : {
        "revision" : "3907a9438f5b57d317001dc99f3f11b46882272b",
        "version" : "0.10.0"
      }
    },
    {
      "identity" : "swift-url-routing",
      "kind" : "remoteSourceControl",
      "location" : "https://github.com/pointfreeco/swift-url-routing",
      "state" : {
        "revision" : "40c7b325bd60f37cf8c200992af4177b548d5c3d",
        "version" : "0.7.0"
      }
    },
    {
      "identity" : "swift-web",
      "kind" : "remoteSourceControl",
      "location" : "https://github.com/pointfreeco/swift-web",
      "state" : {
        "branch" : "2ad82ec",
        "revision" : "2ad82ec94983029566d009f12dca8d235983616a"
      }
    },
    {
      "identity" : "swiftawssignaturev4",
      "kind" : "remoteSourceControl",
      "location" : "https://github.com/crspybits/SwiftAWSSignatureV4",
      "state" : {
        "revision" : "c66f2db1211ad1969e3d11791b9de62361c78f45",
        "version" : "1.2.1"
      }
    }
  ],
  "version" : 2
}
